# This file is automatically @generated by Cargo.
# It is not intended for manual editing.
version = 3

[[package]]
name = "adler"
version = "1.0.2"
source = "registry+https://github.com/rust-lang/crates.io-index"
checksum = "f26201604c87b1e01bd3d98f8d5d9a8fcbb815e8cedb41ffccbeb4bf593a35fe"

[[package]]
name = "anstream"
version = "0.6.14"
source = "registry+https://github.com/rust-lang/crates.io-index"
checksum = "418c75fa768af9c03be99d17643f93f79bbba589895012a80e3452a19ddda15b"
dependencies = [
 "anstyle",
 "anstyle-parse",
 "anstyle-query",
 "anstyle-wincon",
 "colorchoice",
 "is_terminal_polyfill",
 "utf8parse",
]

[[package]]
name = "anstyle"
version = "1.0.7"
source = "registry+https://github.com/rust-lang/crates.io-index"
checksum = "038dfcf04a5feb68e9c60b21c9625a54c2c0616e79b72b0fd87075a056ae1d1b"

[[package]]
name = "anstyle-parse"
version = "0.2.4"
source = "registry+https://github.com/rust-lang/crates.io-index"
checksum = "c03a11a9034d92058ceb6ee011ce58af4a9bf61491aa7e1e59ecd24bd40d22d4"
dependencies = [
 "utf8parse",
]

[[package]]
name = "anstyle-query"
version = "1.0.3"
source = "registry+https://github.com/rust-lang/crates.io-index"
checksum = "a64c907d4e79225ac72e2a354c9ce84d50ebb4586dee56c82b3ee73004f537f5"
dependencies = [
 "windows-sys 0.52.0",
]

[[package]]
name = "anstyle-wincon"
version = "3.0.3"
source = "registry+https://github.com/rust-lang/crates.io-index"
checksum = "61a38449feb7068f52bb06c12759005cf459ee52bb4adc1d5a7c4322d716fb19"
dependencies = [
 "anstyle",
 "windows-sys 0.52.0",
]

[[package]]
name = "arboard"
version = "3.4.0"
source = "registry+https://github.com/rust-lang/crates.io-index"
checksum = "9fb4009533e8ff8f1450a5bcbc30f4242a1d34442221f72314bea1f5dc9c7f89"
dependencies = [
 "clipboard-win",
 "core-graphics",
 "image",
 "log",
 "objc2",
 "objc2-app-kit",
 "objc2-foundation",
 "parking_lot",
 "windows-sys 0.48.0",
 "x11rb",
]

[[package]]
name = "autocfg"
version = "1.3.0"
source = "registry+https://github.com/rust-lang/crates.io-index"
checksum = "0c4b4d0bd25bd0b74681c0ad21497610ce1b7c91b1022cd21c80c6fbdd9476b0"

[[package]]
name = "bitflags"
version = "1.3.2"
source = "registry+https://github.com/rust-lang/crates.io-index"
checksum = "bef38d45163c2f1dde094a7dfd33ccf595c92905c8f8f4fdc18d06fb1037718a"

[[package]]
name = "bitflags"
version = "2.5.0"
source = "registry+https://github.com/rust-lang/crates.io-index"
checksum = "cf4b9d6a944f767f8e5e0db018570623c85f3d925ac718db4e06d0187adb21c1"

[[package]]
name = "block2"
version = "0.5.0"
source = "registry+https://github.com/rust-lang/crates.io-index"
checksum = "43ff7d91d3c1d568065b06c899777d1e48dcf76103a672a0adbc238a7f247f1e"
dependencies = [
 "objc2",
]

[[package]]
name = "bytemuck"
version = "1.15.0"
source = "registry+https://github.com/rust-lang/crates.io-index"
checksum = "5d6d68c57235a3a081186990eca2867354726650f42f7516ca50c28d6281fd15"

[[package]]
name = "byteorder"
version = "1.5.0"
source = "registry+https://github.com/rust-lang/crates.io-index"
checksum = "1fd0f2584146f6f2ef48085050886acf353beff7305ebd1ae69500e27c67f64b"

[[package]]
name = "cfg-if"
version = "1.0.0"
source = "registry+https://github.com/rust-lang/crates.io-index"
checksum = "baf1de4339761588bc0619e3cbc0120ee582ebb74b53b4efbf79117bd2da40fd"

[[package]]
name = "clap"
version = "4.5.4"
source = "registry+https://github.com/rust-lang/crates.io-index"
checksum = "90bc066a67923782aa8515dbaea16946c5bcc5addbd668bb80af688e53e548a0"
dependencies = [
 "clap_builder",
 "clap_derive",
]

[[package]]
name = "clap_builder"
version = "4.5.2"
source = "registry+https://github.com/rust-lang/crates.io-index"
checksum = "ae129e2e766ae0ec03484e609954119f123cc1fe650337e155d03b022f24f7b4"
dependencies = [
 "anstream",
 "anstyle",
 "clap_lex",
 "strsim",
 "terminal_size",
 "unicase",
 "unicode-width",
]

[[package]]
name = "clap_complete"
version = "4.5.2"
source = "registry+https://github.com/rust-lang/crates.io-index"
checksum = "dd79504325bf38b10165b02e89b4347300f855f273c4cb30c4a3209e6583275e"
dependencies = [
 "clap",
]

[[package]]
name = "clap_derive"
version = "4.5.4"
source = "registry+https://github.com/rust-lang/crates.io-index"
checksum = "528131438037fd55894f62d6e9f068b8f45ac57ffa77517819645d10aed04f64"
dependencies = [
 "heck",
 "proc-macro2",
 "quote",
 "syn",
]

[[package]]
name = "clap_lex"
version = "0.7.0"
source = "registry+https://github.com/rust-lang/crates.io-index"
checksum = "98cc8fbded0c607b7ba9dd60cd98df59af97e84d24e49c8557331cfc26d301ce"

[[package]]
name = "clipboard-win"
version = "5.3.1"
source = "registry+https://github.com/rust-lang/crates.io-index"
checksum = "79f4473f5144e20d9aceaf2972478f06ddf687831eafeeb434fbaf0acc4144ad"
dependencies = [
 "error-code",
]

[[package]]
name = "colorchoice"
version = "1.0.1"
source = "registry+https://github.com/rust-lang/crates.io-index"
checksum = "0b6a852b24ab71dffc585bcb46eaf7959d175cb865a7152e35b348d1b2960422"

[[package]]
name = "console"
version = "0.15.8"
source = "registry+https://github.com/rust-lang/crates.io-index"
checksum = "0e1f83fc076bd6dd27517eacdf25fef6c4dfe5f1d7448bafaaf3a26f13b5e4eb"
dependencies = [
 "encode_unicode",
 "lazy_static",
 "libc",
 "unicode-width",
 "windows-sys 0.52.0",
]

[[package]]
name = "core-foundation"
version = "0.9.4"
source = "registry+https://github.com/rust-lang/crates.io-index"
checksum = "91e195e091a93c46f7102ec7818a2aa394e1e1771c3ab4825963fa03e45afb8f"
dependencies = [
 "core-foundation-sys",
 "libc",
]

[[package]]
name = "core-foundation-sys"
version = "0.8.6"
source = "registry+https://github.com/rust-lang/crates.io-index"
checksum = "06ea2b9bc92be3c2baa9334a323ebca2d6f074ff852cd1d7b11064035cd3868f"

[[package]]
name = "core-graphics"
version = "0.23.2"
source = "registry+https://github.com/rust-lang/crates.io-index"
checksum = "c07782be35f9e1140080c6b96f0d44b739e2278479f64e02fdab4e32dfd8b081"
dependencies = [
 "bitflags 1.3.2",
 "core-foundation",
 "core-graphics-types",
 "foreign-types",
 "libc",
]

[[package]]
name = "core-graphics-types"
version = "0.1.3"
source = "registry+https://github.com/rust-lang/crates.io-index"
checksum = "45390e6114f68f718cc7a830514a96f903cccd70d02a8f6d9f643ac4ba45afaf"
dependencies = [
 "bitflags 1.3.2",
 "core-foundation",
 "libc",
]

[[package]]
name = "crc32fast"
version = "1.4.0"
source = "registry+https://github.com/rust-lang/crates.io-index"
checksum = "b3855a8a784b474f333699ef2bbca9db2c4a1f6d9088a90a2d25b1eb53111eaa"
dependencies = [
 "cfg-if",
]

[[package]]
name = "either"
version = "1.11.0"
source = "registry+https://github.com/rust-lang/crates.io-index"
checksum = "a47c1c47d2f5964e29c61246e81db715514cd532db6b5116a25ea3c03d6780a2"

[[package]]
name = "encode_unicode"
version = "0.3.6"
source = "registry+https://github.com/rust-lang/crates.io-index"
checksum = "a357d28ed41a50f9c765dbfe56cbc04a64e53e5fc58ba79fbc34c10ef3df831f"

[[package]]
name = "envsubst"
version = "0.2.1"
source = "registry+https://github.com/rust-lang/crates.io-index"
checksum = "cf2f29f6ee674d1229e5715dfc7e24f14395a20d66949e36032de68b31542643"
dependencies = [
 "thiserror",
]

[[package]]
name = "equivalent"
version = "1.0.1"
source = "registry+https://github.com/rust-lang/crates.io-index"
checksum = "5443807d6dff69373d433ab9ef5378ad8df50ca6298caf15de6e52e24aaf54d5"

[[package]]
name = "errno"
version = "0.3.9"
source = "registry+https://github.com/rust-lang/crates.io-index"
checksum = "534c5cf6194dfab3db3242765c03bbe257cf92f22b38f6bc0c58d59108a820ba"
dependencies = [
 "libc",
 "windows-sys 0.52.0",
]

[[package]]
name = "error-code"
version = "3.2.0"
source = "registry+https://github.com/rust-lang/crates.io-index"
checksum = "a0474425d51df81997e2f90a21591180b38eccf27292d755f3e30750225c175b"

[[package]]
name = "fdeflate"
version = "0.3.4"
source = "registry+https://github.com/rust-lang/crates.io-index"
checksum = "4f9bfee30e4dedf0ab8b422f03af778d9612b63f502710fc500a334ebe2de645"
dependencies = [
 "simd-adler32",
]

[[package]]
name = "flate2"
version = "1.0.30"
source = "registry+https://github.com/rust-lang/crates.io-index"
checksum = "5f54427cfd1c7829e2a139fcefea601bf088ebca651d2bf53ebc600eac295dae"
dependencies = [
 "crc32fast",
 "miniz_oxide",
]

[[package]]
name = "foreign-types"
version = "0.5.0"
source = "registry+https://github.com/rust-lang/crates.io-index"
checksum = "d737d9aa519fb7b749cbc3b962edcf310a8dd1f4b67c91c4f83975dbdd17d965"
dependencies = [
 "foreign-types-macros",
 "foreign-types-shared",
]

[[package]]
name = "foreign-types-macros"
version = "0.2.3"
source = "registry+https://github.com/rust-lang/crates.io-index"
checksum = "1a5c6c585bc94aaf2c7b51dd4c2ba22680844aba4c687be581871a6f518c5742"
dependencies = [
 "proc-macro2",
 "quote",
 "syn",
]

[[package]]
name = "foreign-types-shared"
version = "0.3.1"
source = "registry+https://github.com/rust-lang/crates.io-index"
checksum = "aa9a19cbb55df58761df49b23516a86d432839add4af60fc256da840f66ed35b"

[[package]]
name = "gethostname"
version = "0.4.3"
source = "registry+https://github.com/rust-lang/crates.io-index"
checksum = "0176e0459c2e4a1fe232f984bca6890e681076abb9934f6cea7c326f3fc47818"
dependencies = [
 "libc",
 "windows-targets 0.48.5",
]

[[package]]
name = "hashbrown"
version = "0.14.5"
source = "registry+https://github.com/rust-lang/crates.io-index"
checksum = "e5274423e17b7c9fc20b6e7e208532f9b19825d82dfd615708b70edd83df41f1"

[[package]]
name = "heck"
version = "0.5.0"
source = "registry+https://github.com/rust-lang/crates.io-index"
checksum = "2304e00983f87ffb38b55b444b5e3b60a884b5d30c0fca7d82fe33449bbe55ea"

[[package]]
name = "home"
version = "0.5.9"
source = "registry+https://github.com/rust-lang/crates.io-index"
checksum = "e3d1354bf6b7235cb4a0576c2619fd4ed18183f689b12b006a0ee7329eeff9a5"
dependencies = [
 "windows-sys 0.52.0",
]

[[package]]
name = "image"
version = "0.25.1"
source = "registry+https://github.com/rust-lang/crates.io-index"
checksum = "fd54d660e773627692c524beaad361aca785a4f9f5730ce91f42aabe5bce3d11"
dependencies = [
 "bytemuck",
 "byteorder",
 "num-traits",
 "png",
 "tiff",
]

[[package]]
name = "indexmap"
version = "2.2.6"
source = "registry+https://github.com/rust-lang/crates.io-index"
checksum = "168fb715dda47215e360912c096649d23d58bf392ac62f73919e831745e40f26"
dependencies = [
 "equivalent",
 "hashbrown",
]

[[package]]
name = "indicatif"
version = "0.17.8"
source = "registry+https://github.com/rust-lang/crates.io-index"
checksum = "763a5a8f45087d6bcea4222e7b72c291a054edf80e4ef6efd2a4979878c7bea3"
dependencies = [
 "console",
 "instant",
 "number_prefix",
 "portable-atomic",
 "unicode-width",
]

[[package]]
name = "indoc"
version = "2.0.5"
source = "registry+https://github.com/rust-lang/crates.io-index"
checksum = "b248f5224d1d606005e02c97f5aa4e88eeb230488bcc03bc9ca4d7991399f2b5"

[[package]]
name = "instant"
version = "0.1.12"
source = "registry+https://github.com/rust-lang/crates.io-index"
checksum = "7a5bbe824c507c5da5956355e86a746d82e0e1464f65d862cc5e71da70e94b2c"
dependencies = [
 "cfg-if",
]

[[package]]
name = "is_terminal_polyfill"
version = "1.70.0"
source = "registry+https://github.com/rust-lang/crates.io-index"
checksum = "f8478577c03552c21db0e2724ffb8986a5ce7af88107e6be5d2ee6e158c12800"

[[package]]
name = "itoa"
version = "1.0.11"
source = "registry+https://github.com/rust-lang/crates.io-index"
checksum = "49f1f14873335454500d59611f1cf4a4b0f786f9ac11f4312a78e4cf2566695b"

[[package]]
name = "jpeg-decoder"
version = "0.3.1"
source = "registry+https://github.com/rust-lang/crates.io-index"
checksum = "f5d4a7da358eff58addd2877a45865158f0d78c911d43a5784ceb7bbf52833b0"

[[package]]
name = "lazy_static"
version = "1.4.0"
source = "registry+https://github.com/rust-lang/crates.io-index"
checksum = "e2abad23fbc42b3700f2f279844dc832adb2b2eb069b2df918f455c4e18cc646"

[[package]]
name = "libc"
version = "0.2.154"
source = "registry+https://github.com/rust-lang/crates.io-index"
checksum = "ae743338b92ff9146ce83992f766a31066a91a8c84a45e0e9f21e7cf6de6d346"

[[package]]
name = "linux-raw-sys"
version = "0.4.13"
source = "registry+https://github.com/rust-lang/crates.io-index"
checksum = "01cda141df6706de531b6c46c3a33ecca755538219bd484262fa09410c13539c"

[[package]]
name = "lock_api"
version = "0.4.12"
source = "registry+https://github.com/rust-lang/crates.io-index"
checksum = "07af8b9cdd281b7915f413fa73f29ebd5d55d0d3f0155584dade1ff18cea1b17"
dependencies = [
 "autocfg",
 "scopeguard",
]

[[package]]
name = "log"
version = "0.4.21"
source = "registry+https://github.com/rust-lang/crates.io-index"
checksum = "90ed8c1e510134f979dbc4f070f87d4313098b704861a105fe34231c70a3901c"

[[package]]
name = "medic"
version = "2.5.0"
dependencies = [
 "clap",
 "clap_complete",
 "console",
 "indoc",
 "medic-audit",
 "medic-doctor",
 "medic-init",
 "medic-outdated",
 "medic-run",
 "medic-shipit",
 "medic-src",
 "medic-test",
 "medic-update",
 "retrogress",
]

[[package]]
name = "medic-audit"
version = "2.5.0"
dependencies = [
 "clap",
 "clap_complete",
 "console",
 "indoc",
 "medic-src",
 "retrogress",
]

[[package]]
name = "medic-doctor"
version = "2.5.0"
dependencies = [
 "clap",
 "clap_complete",
 "console",
 "indoc",
 "medic-src",
 "retrogress",
]

[[package]]
name = "medic-init"
version = "2.5.0"
dependencies = [
 "clap",
 "clap_complete",
 "envsubst",
 "medic-src",
]

[[package]]
name = "medic-lib"
version = "0.2.0"
dependencies = [
 "serde",
 "serde_json",
]

[[package]]
name = "medic-outdated"
version = "2.5.0"
dependencies = [
 "clap",
 "clap_complete",
 "console",
 "indoc",
 "medic-src",
 "retrogress",
]

[[package]]
name = "medic-run"
version = "2.5.0"
dependencies = [
 "clap",
 "clap_complete",
 "console",
 "indoc",
 "medic-src",
 "retrogress",
]

[[package]]
name = "medic-shipit"
version = "2.5.0"
dependencies = [
 "clap",
 "clap_complete",
 "console",
 "indoc",
 "medic-src",
 "retrogress",
]

[[package]]
name = "medic-src"
version = "2.5.0"
dependencies = [
 "arboard",
 "console",
 "envsubst",
 "indoc",
 "retrogress",
 "serde",
 "serde_json",
 "toml",
 "which",
]

[[package]]
name = "medic-test"
version = "2.5.0"
dependencies = [
 "clap",
 "clap_complete",
 "console",
 "indoc",
 "medic-src",
 "retrogress",
]

[[package]]
name = "medic-update"
version = "2.5.0"
dependencies = [
 "clap",
 "clap_complete",
 "console",
 "indoc",
 "medic-src",
 "retrogress",
]

[[package]]
name = "memchr"
version = "2.7.2"
source = "registry+https://github.com/rust-lang/crates.io-index"
checksum = "6c8640c5d730cb13ebd907d8d04b52f55ac9a2eec55b440c8892f40d56c76c1d"

[[package]]
name = "miniz_oxide"
version = "0.7.2"
source = "registry+https://github.com/rust-lang/crates.io-index"
checksum = "9d811f3e15f28568be3407c8e7fdb6514c1cda3cb30683f15b6a1a1dc4ea14a7"
dependencies = [
 "adler",
 "simd-adler32",
]

[[package]]
name = "num-traits"
version = "0.2.19"
source = "registry+https://github.com/rust-lang/crates.io-index"
checksum = "071dfc062690e90b734c0b2273ce72ad0ffa95f0c74596bc250dcfd960262841"
dependencies = [
 "autocfg",
]

[[package]]
name = "number_prefix"
version = "0.4.0"
source = "registry+https://github.com/rust-lang/crates.io-index"
checksum = "830b246a0e5f20af87141b25c173cd1b609bd7779a4617d6ec582abaf90870f3"

[[package]]
name = "objc-sys"
version = "0.3.3"
source = "registry+https://github.com/rust-lang/crates.io-index"
checksum = "da284c198fb9b7b0603f8635185e85fbd5b64ee154b1ed406d489077de2d6d60"

[[package]]
name = "objc2"
version = "0.5.1"
source = "registry+https://github.com/rust-lang/crates.io-index"
checksum = "b4b25e1034d0e636cd84707ccdaa9f81243d399196b8a773946dcffec0401659"
dependencies = [
 "objc-sys",
 "objc2-encode",
]

[[package]]
name = "objc2-app-kit"
version = "0.2.0"
source = "registry+https://github.com/rust-lang/crates.io-index"
checksum = "fb79768a710a9a1798848179edb186d1af7e8a8679f369e4b8d201dd2a034047"
dependencies = [
 "block2",
 "objc2",
 "objc2-core-data",
 "objc2-foundation",
]

[[package]]
name = "objc2-core-data"
version = "0.2.0"
source = "registry+https://github.com/rust-lang/crates.io-index"
checksum = "6e092bc42eaf30a08844e6a076938c60751225ec81431ab89f5d1ccd9f958d6c"
dependencies = [
 "block2",
 "objc2",
 "objc2-foundation",
]

[[package]]
name = "objc2-encode"
version = "4.0.1"
source = "registry+https://github.com/rust-lang/crates.io-index"
checksum = "88658da63e4cc2c8adb1262902cd6af51094df0488b760d6fd27194269c0950a"

[[package]]
name = "objc2-foundation"
version = "0.2.0"
source = "registry+https://github.com/rust-lang/crates.io-index"
checksum = "cfaefe14254871ea16c7d88968c0ff14ba554712a20d76421eec52f0a7fb8904"
dependencies = [
 "block2",
 "objc2",
]

[[package]]
name = "parking_lot"
version = "0.12.2"
source = "registry+https://github.com/rust-lang/crates.io-index"
checksum = "7e4af0ca4f6caed20e900d564c242b8e5d4903fdacf31d3daf527b66fe6f42fb"
dependencies = [
 "lock_api",
 "parking_lot_core",
]

[[package]]
name = "parking_lot_core"
version = "0.9.10"
source = "registry+https://github.com/rust-lang/crates.io-index"
checksum = "1e401f977ab385c9e4e3ab30627d6f26d00e2c73eef317493c4ec6d468726cf8"
dependencies = [
 "cfg-if",
 "libc",
 "redox_syscall",
 "smallvec",
 "windows-targets 0.52.5",
]

[[package]]
name = "png"
version = "0.17.13"
source = "registry+https://github.com/rust-lang/crates.io-index"
checksum = "06e4b0d3d1312775e782c86c91a111aa1f910cbb65e1337f9975b5f9a554b5e1"
dependencies = [
 "bitflags 1.3.2",
 "crc32fast",
 "fdeflate",
 "flate2",
 "miniz_oxide",
]

[[package]]
name = "portable-atomic"
version = "1.6.0"
source = "registry+https://github.com/rust-lang/crates.io-index"
checksum = "7170ef9988bc169ba16dd36a7fa041e5c4cbeb6a35b76d4c03daded371eae7c0"

[[package]]
name = "proc-macro2"
version = "1.0.82"
source = "registry+https://github.com/rust-lang/crates.io-index"
checksum = "8ad3d49ab951a01fbaafe34f2ec74122942fe18a3f9814c3268f1bb72042131b"
dependencies = [
 "unicode-ident",
]

[[package]]
name = "quote"
version = "1.0.36"
source = "registry+https://github.com/rust-lang/crates.io-index"
checksum = "0fa76aaf39101c457836aec0ce2316dbdc3ab723cdda1c6bd4e6ad4208acaca7"
dependencies = [
 "proc-macro2",
]

[[package]]
name = "redox_syscall"
version = "0.5.1"
source = "registry+https://github.com/rust-lang/crates.io-index"
checksum = "469052894dcb553421e483e4209ee581a45100d31b4018de03e5a7ad86374a7e"
dependencies = [
 "bitflags 2.5.0",
]

[[package]]
name = "retrogress"
version = "0.2.1"
source = "registry+https://github.com/rust-lang/crates.io-index"
checksum = "af8928691c18e78ee4c0ead7fb90419b7d9b5067064a4b5875d9b38738a69c92"
dependencies = [
 "console",
 "indicatif",
]

[[package]]
name = "rustix"
version = "0.38.34"
source = "registry+https://github.com/rust-lang/crates.io-index"
checksum = "70dc5ec042f7a43c4a73241207cecc9873a06d45debb38b329f8541d85c2730f"
dependencies = [
 "bitflags 2.5.0",
 "errno",
 "libc",
 "linux-raw-sys",
 "windows-sys 0.52.0",
]

[[package]]
name = "ryu"
version = "1.0.18"
source = "registry+https://github.com/rust-lang/crates.io-index"
checksum = "f3cb5ba0dc43242ce17de99c180e96db90b235b8a9fdc9543c96d2209116bd9f"

[[package]]
name = "scopeguard"
version = "1.2.0"
source = "registry+https://github.com/rust-lang/crates.io-index"
checksum = "94143f37725109f92c262ed2cf5e59bce7498c01bcc1502d7b9afe439a4e9f49"

[[package]]
name = "serde"
version = "1.0.201"
source = "registry+https://github.com/rust-lang/crates.io-index"
checksum = "780f1cebed1629e4753a1a38a3c72d30b97ec044f0aef68cb26650a3c5cf363c"
dependencies = [
 "serde_derive",
]

[[package]]
name = "serde_derive"
version = "1.0.201"
source = "registry+https://github.com/rust-lang/crates.io-index"
checksum = "c5e405930b9796f1c00bee880d03fc7e0bb4b9a11afc776885ffe84320da2865"
dependencies = [
 "proc-macro2",
 "quote",
 "syn",
]

[[package]]
name = "serde_json"
version = "1.0.117"
source = "registry+https://github.com/rust-lang/crates.io-index"
checksum = "455182ea6142b14f93f4bc5320a2b31c1f266b66a4a5c858b013302a5d8cbfc3"
dependencies = [
 "itoa",
 "ryu",
 "serde",
]

[[package]]
name = "serde_spanned"
version = "0.6.5"
source = "registry+https://github.com/rust-lang/crates.io-index"
checksum = "eb3622f419d1296904700073ea6cc23ad690adbd66f13ea683df73298736f0c1"
dependencies = [
 "serde",
]

[[package]]
name = "simd-adler32"
version = "0.3.7"
source = "registry+https://github.com/rust-lang/crates.io-index"
checksum = "d66dc143e6b11c1eddc06d5c423cfc97062865baf299914ab64caa38182078fe"

[[package]]
name = "smallvec"
version = "1.13.2"
source = "registry+https://github.com/rust-lang/crates.io-index"
checksum = "3c5e1a9a646d36c3599cd173a41282daf47c44583ad367b8e6837255952e5c67"

[[package]]
name = "strsim"
version = "0.11.1"
source = "registry+https://github.com/rust-lang/crates.io-index"
checksum = "7da8b5736845d9f2fcb837ea5d9e2628564b3b043a70948a3f0b778838c5fb4f"

[[package]]
name = "syn"
version = "2.0.61"
source = "registry+https://github.com/rust-lang/crates.io-index"
checksum = "c993ed8ccba56ae856363b1845da7266a7cb78e1d146c8a32d54b45a8b831fc9"
dependencies = [
 "proc-macro2",
 "quote",
 "unicode-ident",
]

[[package]]
name = "terminal_size"
version = "0.3.0"
source = "registry+https://github.com/rust-lang/crates.io-index"
checksum = "21bebf2b7c9e0a515f6e0f8c51dc0f8e4696391e6f1ff30379559f8365fb0df7"
dependencies = [
 "rustix",
 "windows-sys 0.48.0",
]

[[package]]
name = "thiserror"
version = "1.0.60"
source = "registry+https://github.com/rust-lang/crates.io-index"
checksum = "579e9083ca58dd9dcf91a9923bb9054071b9ebbd800b342194c9feb0ee89fc18"
dependencies = [
 "thiserror-impl",
]

[[package]]
name = "thiserror-impl"
version = "1.0.60"
source = "registry+https://github.com/rust-lang/crates.io-index"
checksum = "e2470041c06ec3ac1ab38d0356a6119054dedaea53e12fbefc0de730a1c08524"
dependencies = [
 "proc-macro2",
 "quote",
 "syn",
]

[[package]]
name = "tiff"
version = "0.9.1"
source = "registry+https://github.com/rust-lang/crates.io-index"
checksum = "ba1310fcea54c6a9a4fd1aad794ecc02c31682f6bfbecdf460bf19533eed1e3e"
dependencies = [
 "flate2",
 "jpeg-decoder",
 "weezl",
]

[[package]]
name = "toml"
version = "0.8.12"
source = "registry+https://github.com/rust-lang/crates.io-index"
checksum = "e9dd1545e8208b4a5af1aa9bbd0b4cf7e9ea08fabc5d0a5c67fcaafa17433aa3"
dependencies = [
 "serde",
 "serde_spanned",
 "toml_datetime",
 "toml_edit",
]

[[package]]
name = "toml_datetime"
version = "0.6.5"
source = "registry+https://github.com/rust-lang/crates.io-index"
checksum = "3550f4e9685620ac18a50ed434eb3aec30db8ba93b0287467bca5826ea25baf1"
dependencies = [
 "serde",
]

[[package]]
name = "toml_edit"
version = "0.22.12"
source = "registry+https://github.com/rust-lang/crates.io-index"
checksum = "d3328d4f68a705b2a4498da1d580585d39a6510f98318a2cec3018a7ec61ddef"
dependencies = [
 "indexmap",
 "serde",
 "serde_spanned",
 "toml_datetime",
 "winnow",
]

[[package]]
name = "unicase"
version = "2.7.0"
source = "registry+https://github.com/rust-lang/crates.io-index"
checksum = "f7d2d4dafb69621809a81864c9c1b864479e1235c0dd4e199924b9742439ed89"
dependencies = [
 "version_check",
]

[[package]]
name = "unicode-ident"
version = "1.0.12"
source = "registry+https://github.com/rust-lang/crates.io-index"
checksum = "3354b9ac3fae1ff6755cb6db53683adb661634f67557942dea4facebec0fee4b"

[[package]]
name = "unicode-width"
version = "0.1.12"
source = "registry+https://github.com/rust-lang/crates.io-index"
checksum = "68f5e5f3158ecfd4b8ff6fe086db7c8467a2dfdac97fe420f2b7c4aa97af66d6"

[[package]]
name = "utf8parse"
version = "0.2.1"
source = "registry+https://github.com/rust-lang/crates.io-index"
checksum = "711b9620af191e0cdc7468a8d14e709c3dcdb115b36f838e601583af800a370a"

[[package]]
name = "version_check"
version = "0.9.4"
source = "registry+https://github.com/rust-lang/crates.io-index"
checksum = "49874b5167b65d7193b8aba1567f5c7d93d001cafc34600cee003eda787e483f"

[[package]]
name = "weezl"
version = "0.1.8"
source = "registry+https://github.com/rust-lang/crates.io-index"
checksum = "53a85b86a771b1c87058196170769dd264f66c0782acf1ae6cc51bfd64b39082"

[[package]]
name = "which"
version = "6.0.1"
source = "registry+https://github.com/rust-lang/crates.io-index"
checksum = "8211e4f58a2b2805adfbefbc07bab82958fc91e3836339b1ab7ae32465dce0d7"
dependencies = [
 "either",
 "home",
 "rustix",
 "winsafe",
]

[[package]]
name = "windows-sys"
version = "0.48.0"
source = "registry+https://github.com/rust-lang/crates.io-index"
checksum = "677d2418bec65e3338edb076e806bc1ec15693c5d0104683f2efe857f61056a9"
dependencies = [
 "windows-targets 0.48.5",
]

[[package]]
name = "windows-sys"
version = "0.52.0"
source = "registry+https://github.com/rust-lang/crates.io-index"
checksum = "282be5f36a8ce781fad8c8ae18fa3f9beff57ec1b52cb3de0789201425d9a33d"
dependencies = [
 "windows-targets 0.52.5",
]

[[package]]
name = "windows-targets"
version = "0.48.5"
source = "registry+https://github.com/rust-lang/crates.io-index"
checksum = "9a2fa6e2155d7247be68c096456083145c183cbbbc2764150dda45a87197940c"
dependencies = [
 "windows_aarch64_gnullvm 0.48.5",
 "windows_aarch64_msvc 0.48.5",
 "windows_i686_gnu 0.48.5",
 "windows_i686_msvc 0.48.5",
 "windows_x86_64_gnu 0.48.5",
 "windows_x86_64_gnullvm 0.48.5",
 "windows_x86_64_msvc 0.48.5",
]

[[package]]
name = "windows-targets"
version = "0.52.5"
source = "registry+https://github.com/rust-lang/crates.io-index"
checksum = "6f0713a46559409d202e70e28227288446bf7841d3211583a4b53e3f6d96e7eb"
dependencies = [
 "windows_aarch64_gnullvm 0.52.5",
 "windows_aarch64_msvc 0.52.5",
 "windows_i686_gnu 0.52.5",
 "windows_i686_gnullvm",
 "windows_i686_msvc 0.52.5",
 "windows_x86_64_gnu 0.52.5",
 "windows_x86_64_gnullvm 0.52.5",
 "windows_x86_64_msvc 0.52.5",
]

[[package]]
name = "windows_aarch64_gnullvm"
version = "0.48.5"
source = "registry+https://github.com/rust-lang/crates.io-index"
checksum = "2b38e32f0abccf9987a4e3079dfb67dcd799fb61361e53e2882c3cbaf0d905d8"

[[package]]
name = "windows_aarch64_gnullvm"
version = "0.52.5"
source = "registry+https://github.com/rust-lang/crates.io-index"
checksum = "7088eed71e8b8dda258ecc8bac5fb1153c5cffaf2578fc8ff5d61e23578d3263"

[[package]]
name = "windows_aarch64_msvc"
version = "0.48.5"
source = "registry+https://github.com/rust-lang/crates.io-index"
checksum = "dc35310971f3b2dbbf3f0690a219f40e2d9afcf64f9ab7cc1be722937c26b4bc"

[[package]]
name = "windows_aarch64_msvc"
version = "0.52.5"
source = "registry+https://github.com/rust-lang/crates.io-index"
checksum = "9985fd1504e250c615ca5f281c3f7a6da76213ebd5ccc9561496568a2752afb6"

[[package]]
name = "windows_i686_gnu"
version = "0.48.5"
source = "registry+https://github.com/rust-lang/crates.io-index"
checksum = "a75915e7def60c94dcef72200b9a8e58e5091744960da64ec734a6c6e9b3743e"

[[package]]
name = "windows_i686_gnu"
version = "0.52.5"
source = "registry+https://github.com/rust-lang/crates.io-index"
checksum = "88ba073cf16d5372720ec942a8ccbf61626074c6d4dd2e745299726ce8b89670"

[[package]]
name = "windows_i686_gnullvm"
version = "0.52.5"
source = "registry+https://github.com/rust-lang/crates.io-index"
checksum = "87f4261229030a858f36b459e748ae97545d6f1ec60e5e0d6a3d32e0dc232ee9"

[[package]]
name = "windows_i686_msvc"
version = "0.48.5"
source = "registry+https://github.com/rust-lang/crates.io-index"
checksum = "8f55c233f70c4b27f66c523580f78f1004e8b5a8b659e05a4eb49d4166cca406"

[[package]]
name = "windows_i686_msvc"
version = "0.52.5"
source = "registry+https://github.com/rust-lang/crates.io-index"
checksum = "db3c2bf3d13d5b658be73463284eaf12830ac9a26a90c717b7f771dfe97487bf"

[[package]]
name = "windows_x86_64_gnu"
version = "0.48.5"
source = "registry+https://github.com/rust-lang/crates.io-index"
checksum = "53d40abd2583d23e4718fddf1ebec84dbff8381c07cae67ff7768bbf19c6718e"

[[package]]
name = "windows_x86_64_gnu"
version = "0.52.5"
source = "registry+https://github.com/rust-lang/crates.io-index"
checksum = "4e4246f76bdeff09eb48875a0fd3e2af6aada79d409d33011886d3e1581517d9"

[[package]]
name = "windows_x86_64_gnullvm"
version = "0.48.5"
source = "registry+https://github.com/rust-lang/crates.io-index"
checksum = "0b7b52767868a23d5bab768e390dc5f5c55825b6d30b86c844ff2dc7414044cc"

[[package]]
name = "windows_x86_64_gnullvm"
version = "0.52.5"
source = "registry+https://github.com/rust-lang/crates.io-index"
checksum = "852298e482cd67c356ddd9570386e2862b5673c85bd5f88df9ab6802b334c596"

[[package]]
name = "windows_x86_64_msvc"
version = "0.48.5"
source = "registry+https://github.com/rust-lang/crates.io-index"
checksum = "ed94fce61571a4006852b7389a063ab983c02eb1bb37b47f8272ce92d06d9538"

[[package]]
name = "windows_x86_64_msvc"
version = "0.52.5"
source = "registry+https://github.com/rust-lang/crates.io-index"
checksum = "bec47e5bfd1bff0eeaf6d8b485cc1074891a197ab4225d504cb7a1ab88b02bf0"

[[package]]
name = "winnow"
version = "0.6.8"
source = "registry+https://github.com/rust-lang/crates.io-index"
checksum = "c3c52e9c97a68071b23e836c9380edae937f17b9c4667bd021973efc689f618d"
dependencies = [
 "memchr",
]

[[package]]
name = "winsafe"
version = "0.0.19"
source = "registry+https://github.com/rust-lang/crates.io-index"
checksum = "d135d17ab770252ad95e9a872d365cf3090e3be864a34ab46f48555993efc904"

[[package]]
name = "x11rb"
version = "0.13.1"
source = "registry+https://github.com/rust-lang/crates.io-index"
checksum = "5d91ffca73ee7f68ce055750bf9f6eca0780b8c85eff9bc046a3b0da41755e12"
dependencies = [
 "gethostname",
 "rustix",
 "x11rb-protocol",
]

[[package]]
name = "x11rb-protocol"
version = "0.13.1"
source = "registry+https://github.com/rust-lang/crates.io-index"
checksum = "ec107c4503ea0b4a98ef47356329af139c0a4f7750e621cf2973cd3385ebcb3d"
